# This file is generated by running "yarn install" inside your project.
# Manual changes might be lost - proceed with caution!

__metadata:
  version: 6
  cacheKey: 8

"@ldapjs/asn1@npm:2.0.0, @ldapjs/asn1@npm:^2.0.0":
  version: 2.0.0
  resolution: "@ldapjs/asn1@npm:2.0.0"
  checksum: b9957b47b14ef0a24fa5275849b624f8a1a7708c2f37b0b7ff278062527a7c93a885c9a73462c3bba4a9e182bd0766422f08597361cdbf3ecafd7dfb478ab490
  languageName: node
  linkType: hard

"@ldapjs/asn1@npm:^1.2.0":
  version: 1.2.0
  resolution: "@ldapjs/asn1@npm:1.2.0"
  checksum: 720b65fd825b414f672264c19edf2b67f643bd655ac9dae761394f40e332c68fbe7f442046daf88a00a656ca2cbbfe91c0435fc59c9b7c301770ea0d2606b89a
  languageName: node
  linkType: hard

"@ldapjs/attribute@npm:1.0.0, @ldapjs/attribute@npm:^1.0.0":
  version: 1.0.0
  resolution: "@ldapjs/attribute@npm:1.0.0"
  dependencies:
    "@ldapjs/asn1": 2.0.0
    "@ldapjs/protocol": ^1.2.1
    process-warning: ^2.1.0
  checksum: 887665a3067deebbfea7760befc535f94205f87cece0f164f9ddc2f3f5b0daa136a0ede4520fa37aa9d30af025cb23023a155473bbc61916aa39da2ad697c7f0
  languageName: node
  linkType: hard

"@ldapjs/change@npm:1.0.0, @ldapjs/change@npm:^1.0.0":
  version: 1.0.0
  resolution: "@ldapjs/change@npm:1.0.0"
  dependencies:
    "@ldapjs/asn1": 2.0.0
    "@ldapjs/attribute": 1.0.0
  checksum: 5f28d8e904fe47cbaff225d9696d35ee78f1f648e2aedab9aebe67c0b19df4a9b0224bf2ac9a8ab2d1dab00e69eaff9f17be5532af2f32862e27a973228d83eb
  languageName: node
  linkType: hard

"@ldapjs/controls@npm:2.0.0, @ldapjs/controls@npm:^2.0.0":
  version: 2.0.0
  resolution: "@ldapjs/controls@npm:2.0.0"
  dependencies:
    "@ldapjs/asn1": ^1.2.0
    "@ldapjs/protocol": ^1.2.1
  checksum: 7f68207fb82ef00643d5c6c5c103a497b751c3ad9fac2f8fa2e972f3891c4345850cc039462b595681608f1d5b6d7624ef361ad943ef17d48161b7b3f73df516
  languageName: node
  linkType: hard

"@ldapjs/dn@npm:^1.1.0":
  version: 1.1.0
  resolution: "@ldapjs/dn@npm:1.1.0"
  dependencies:
    "@ldapjs/asn1": 2.0.0
    process-warning: ^2.1.0
  checksum: 716e408c9f8ea1d1f14c512a1ecbc3271d7873da1aee788bfa6548a47290fecefd9ea2039f1f9f9238cba8072ae798c4e4b4da5e457ee24b68e94572665f711f
  languageName: node
  linkType: hard

"@ldapjs/filter@npm:^2.1.1":
  version: 2.1.1
  resolution: "@ldapjs/filter@npm:2.1.1"
  dependencies:
    "@ldapjs/asn1": 2.0.0
    "@ldapjs/protocol": ^1.2.1
    process-warning: ^2.1.0
  checksum: e87c698fe7921969a751479b435a58f8202ebbe48420a3705dd47180b33ae39fcbe1451640c58fb94f80b4a96efa91d99ec91e6dc6d7be96b7bc3cc469506ba8
  languageName: node
  linkType: hard

"@ldapjs/messages@npm:^1.2.1":
  version: 1.2.1
  resolution: "@ldapjs/messages@npm:1.2.1"
  dependencies:
    "@ldapjs/asn1": 2.0.0
    "@ldapjs/attribute": 1.0.0
    "@ldapjs/change": 1.0.0
    "@ldapjs/controls": 2.0.0
    "@ldapjs/dn": ^1.1.0
    "@ldapjs/filter": ^2.1.1
    "@ldapjs/protocol": 1.2.1
    process-warning: ^2.2.0
  checksum: c8e2993593ce8b1e9360fff9126d186b201d7c2ed1c03450a8f2090b74ec245d38602410af429e392305bf0415acbd6e575112940ae90b2d9f65b19e536b11ce
  languageName: node
  linkType: hard

"@ldapjs/protocol@npm:1.2.1, @ldapjs/protocol@npm:^1.2.1":
  version: 1.2.1
  resolution: "@ldapjs/protocol@npm:1.2.1"
  checksum: 3e26f3fc642897ae1448a5a172839ab368fe72e05b9eaf36e16fe6dd4c3c93ce298ab4e3907b3eda9c3911e018d617777b79071dfbb3b813add56b046aea48dc
  languageName: node
  linkType: hard

"@node-rs/argon2-android-arm-eabi@npm:1.5.2":
  version: 1.5.2
  resolution: "@node-rs/argon2-android-arm-eabi@npm:1.5.2"
  conditions: os=android & cpu=arm
  languageName: node
  linkType: hard

"@node-rs/argon2-android-arm64@npm:1.5.2":
  version: 1.5.2
  resolution: "@node-rs/argon2-android-arm64@npm:1.5.2"
  conditions: os=android & cpu=arm64
  languageName: node
  linkType: hard

"@node-rs/argon2-darwin-arm64@npm:1.5.2":
  version: 1.5.2
  resolution: "@node-rs/argon2-darwin-arm64@npm:1.5.2"
  conditions: os=darwin & cpu=arm64
  languageName: node
  linkType: hard

"@node-rs/argon2-darwin-x64@npm:1.5.2":
  version: 1.5.2
  resolution: "@node-rs/argon2-darwin-x64@npm:1.5.2"
  conditions: os=darwin & cpu=x64
  languageName: node
  linkType: hard

"@node-rs/argon2-freebsd-x64@npm:1.5.2":
  version: 1.5.2
  resolution: "@node-rs/argon2-freebsd-x64@npm:1.5.2"
  conditions: os=freebsd & cpu=x64
  languageName: node
  linkType: hard

"@node-rs/argon2-linux-arm-gnueabihf@npm:1.5.2":
  version: 1.5.2
  resolution: "@node-rs/argon2-linux-arm-gnueabihf@npm:1.5.2"
  conditions: os=linux & cpu=arm
  languageName: node
  linkType: hard

"@node-rs/argon2-linux-arm64-gnu@npm:1.5.2":
  version: 1.5.2
  resolution: "@node-rs/argon2-linux-arm64-gnu@npm:1.5.2"
  conditions: os=linux & cpu=arm64 & libc=glibc
  languageName: node
  linkType: hard

"@node-rs/argon2-linux-arm64-musl@npm:1.5.2":
  version: 1.5.2
  resolution: "@node-rs/argon2-linux-arm64-musl@npm:1.5.2"
  conditions: os=linux & cpu=arm64 & libc=musl
  languageName: node
  linkType: hard

"@node-rs/argon2-linux-x64-gnu@npm:1.5.2":
  version: 1.5.2
  resolution: "@node-rs/argon2-linux-x64-gnu@npm:1.5.2"
  conditions: os=linux & cpu=x64 & libc=glibc
  languageName: node
  linkType: hard

"@node-rs/argon2-linux-x64-musl@npm:1.5.2":
  version: 1.5.2
  resolution: "@node-rs/argon2-linux-x64-musl@npm:1.5.2"
  conditions: os=linux & cpu=x64 & libc=musl
  languageName: node
  linkType: hard

"@node-rs/argon2-win32-arm64-msvc@npm:1.5.2":
  version: 1.5.2
  resolution: "@node-rs/argon2-win32-arm64-msvc@npm:1.5.2"
  conditions: os=win32 & cpu=arm64
  languageName: node
  linkType: hard

"@node-rs/argon2-win32-ia32-msvc@npm:1.5.2":
  version: 1.5.2
  resolution: "@node-rs/argon2-win32-ia32-msvc@npm:1.5.2"
  conditions: os=win32 & cpu=ia32
  languageName: node
  linkType: hard

"@node-rs/argon2-win32-x64-msvc@npm:1.5.2":
  version: 1.5.2
  resolution: "@node-rs/argon2-win32-x64-msvc@npm:1.5.2"
  conditions: os=win32 & cpu=x64
  languageName: node
  linkType: hard

"@node-rs/argon2@npm:^1.5.2":
  version: 1.5.2
  resolution: "@node-rs/argon2@npm:1.5.2"
  dependencies:
    "@node-rs/argon2-android-arm-eabi": 1.5.2
    "@node-rs/argon2-android-arm64": 1.5.2
    "@node-rs/argon2-darwin-arm64": 1.5.2
    "@node-rs/argon2-darwin-x64": 1.5.2
    "@node-rs/argon2-freebsd-x64": 1.5.2
    "@node-rs/argon2-linux-arm-gnueabihf": 1.5.2
    "@node-rs/argon2-linux-arm64-gnu": 1.5.2
    "@node-rs/argon2-linux-arm64-musl": 1.5.2
    "@node-rs/argon2-linux-x64-gnu": 1.5.2
    "@node-rs/argon2-linux-x64-musl": 1.5.2
    "@node-rs/argon2-win32-arm64-msvc": 1.5.2
    "@node-rs/argon2-win32-ia32-msvc": 1.5.2
    "@node-rs/argon2-win32-x64-msvc": 1.5.2
  dependenciesMeta:
    "@node-rs/argon2-android-arm-eabi":
      optional: true
    "@node-rs/argon2-android-arm64":
      optional: true
    "@node-rs/argon2-darwin-arm64":
      optional: true
    "@node-rs/argon2-darwin-x64":
      optional: true
    "@node-rs/argon2-freebsd-x64":
      optional: true
    "@node-rs/argon2-linux-arm-gnueabihf":
      optional: true
    "@node-rs/argon2-linux-arm64-gnu":
      optional: true
    "@node-rs/argon2-linux-arm64-musl":
      optional: true
    "@node-rs/argon2-linux-x64-gnu":
      optional: true
    "@node-rs/argon2-linux-x64-musl":
      optional: true
    "@node-rs/argon2-win32-arm64-msvc":
      optional: true
    "@node-rs/argon2-win32-ia32-msvc":
      optional: true
    "@node-rs/argon2-win32-x64-msvc":
      optional: true
  checksum: d657d7647ea7ed7fc0c621553578a55b959bcbf565dcf0a6c979bcd65374e428c674538170b708df989b1b4133afeec380c73c8ff4d5f0c108e83374f259694f
  languageName: node
  linkType: hard

"@node-rs/bcrypt-android-arm-eabi@npm:1.7.3":
  version: 1.7.3
  resolution: "@node-rs/bcrypt-android-arm-eabi@npm:1.7.3"
  conditions: os=android & cpu=arm
  languageName: node
  linkType: hard

"@node-rs/bcrypt-android-arm64@npm:1.7.3":
  version: 1.7.3
  resolution: "@node-rs/bcrypt-android-arm64@npm:1.7.3"
  conditions: os=android & cpu=arm64
  languageName: node
  linkType: hard

"@node-rs/bcrypt-darwin-arm64@npm:1.7.3":
  version: 1.7.3
  resolution: "@node-rs/bcrypt-darwin-arm64@npm:1.7.3"
  conditions: os=darwin & cpu=arm64
  languageName: node
  linkType: hard

"@node-rs/bcrypt-darwin-x64@npm:1.7.3":
  version: 1.7.3
  resolution: "@node-rs/bcrypt-darwin-x64@npm:1.7.3"
  conditions: os=darwin & cpu=x64
  languageName: node
  linkType: hard

"@node-rs/bcrypt-freebsd-x64@npm:1.7.3":
  version: 1.7.3
  resolution: "@node-rs/bcrypt-freebsd-x64@npm:1.7.3"
  conditions: os=freebsd & cpu=x64
  languageName: node
  linkType: hard

"@node-rs/bcrypt-linux-arm-gnueabihf@npm:1.7.3":
  version: 1.7.3
  resolution: "@node-rs/bcrypt-linux-arm-gnueabihf@npm:1.7.3"
  conditions: os=linux & cpu=arm
  languageName: node
  linkType: hard

"@node-rs/bcrypt-linux-arm64-gnu@npm:1.7.3":
  version: 1.7.3
  resolution: "@node-rs/bcrypt-linux-arm64-gnu@npm:1.7.3"
  conditions: os=linux & cpu=arm64 & libc=glibc
  languageName: node
  linkType: hard

"@node-rs/bcrypt-linux-arm64-musl@npm:1.7.3":
  version: 1.7.3
  resolution: "@node-rs/bcrypt-linux-arm64-musl@npm:1.7.3"
  conditions: os=linux & cpu=arm64 & libc=musl
  languageName: node
  linkType: hard

"@node-rs/bcrypt-linux-x64-gnu@npm:1.7.3":
  version: 1.7.3
  resolution: "@node-rs/bcrypt-linux-x64-gnu@npm:1.7.3"
  conditions: os=linux & cpu=x64 & libc=glibc
  languageName: node
  linkType: hard

"@node-rs/bcrypt-linux-x64-musl@npm:1.7.3":
  version: 1.7.3
  resolution: "@node-rs/bcrypt-linux-x64-musl@npm:1.7.3"
  conditions: os=linux & cpu=x64 & libc=musl
  languageName: node
  linkType: hard

"@node-rs/bcrypt-win32-arm64-msvc@npm:1.7.3":
  version: 1.7.3
  resolution: "@node-rs/bcrypt-win32-arm64-msvc@npm:1.7.3"
  conditions: os=win32 & cpu=arm64
  languageName: node
  linkType: hard

"@node-rs/bcrypt-win32-ia32-msvc@npm:1.7.3":
  version: 1.7.3
  resolution: "@node-rs/bcrypt-win32-ia32-msvc@npm:1.7.3"
  conditions: os=win32 & cpu=ia32
  languageName: node
  linkType: hard

"@node-rs/bcrypt-win32-x64-msvc@npm:1.7.3":
  version: 1.7.3
  resolution: "@node-rs/bcrypt-win32-x64-msvc@npm:1.7.3"
  conditions: os=win32 & cpu=x64
  languageName: node
  linkType: hard

"@node-rs/bcrypt@npm:^1.7.3":
  version: 1.7.3
  resolution: "@node-rs/bcrypt@npm:1.7.3"
  dependencies:
    "@node-rs/bcrypt-android-arm-eabi": 1.7.3
    "@node-rs/bcrypt-android-arm64": 1.7.3
    "@node-rs/bcrypt-darwin-arm64": 1.7.3
    "@node-rs/bcrypt-darwin-x64": 1.7.3
    "@node-rs/bcrypt-freebsd-x64": 1.7.3
    "@node-rs/bcrypt-linux-arm-gnueabihf": 1.7.3
    "@node-rs/bcrypt-linux-arm64-gnu": 1.7.3
    "@node-rs/bcrypt-linux-arm64-musl": 1.7.3
    "@node-rs/bcrypt-linux-x64-gnu": 1.7.3
    "@node-rs/bcrypt-linux-x64-musl": 1.7.3
    "@node-rs/bcrypt-win32-arm64-msvc": 1.7.3
    "@node-rs/bcrypt-win32-ia32-msvc": 1.7.3
    "@node-rs/bcrypt-win32-x64-msvc": 1.7.3
  dependenciesMeta:
    "@node-rs/bcrypt-android-arm-eabi":
      optional: true
    "@node-rs/bcrypt-android-arm64":
      optional: true
    "@node-rs/bcrypt-darwin-arm64":
      optional: true
    "@node-rs/bcrypt-darwin-x64":
      optional: true
    "@node-rs/bcrypt-freebsd-x64":
      optional: true
    "@node-rs/bcrypt-linux-arm-gnueabihf":
      optional: true
    "@node-rs/bcrypt-linux-arm64-gnu":
      optional: true
    "@node-rs/bcrypt-linux-arm64-musl":
      optional: true
    "@node-rs/bcrypt-linux-x64-gnu":
      optional: true
    "@node-rs/bcrypt-linux-x64-musl":
      optional: true
    "@node-rs/bcrypt-win32-arm64-msvc":
      optional: true
    "@node-rs/bcrypt-win32-ia32-msvc":
      optional: true
    "@node-rs/bcrypt-win32-x64-msvc":
      optional: true
  checksum: f2b33d551ace0315940c938a602cbdcd899c20a2078139dbe2d92855da23cd5dfad70b09f98cd4cba6ec2371883d2529e95e17d09aff996cbb84b905ff217397
  languageName: node
  linkType: hard

"@sindresorhus/is@npm:^5.2.0":
  version: 5.5.2
  resolution: "@sindresorhus/is@npm:5.5.2"
  checksum: 609a38ed040ed4c13560862aa0fcc67452bea6928edc60600cd78fb84f2f6e335148e0a8b2ca27ba70fabb102c1fbeab860579b24a505b7ab71ba900ac8642c6
  languageName: node
  linkType: hard

"@szmarczak/http-timer@npm:^5.0.1":
  version: 5.0.1
  resolution: "@szmarczak/http-timer@npm:5.0.1"
  dependencies:
    defer-to-connect: ^2.0.1
  checksum: fc9cb993e808806692e4a3337c90ece0ec00c89f4b67e3652a356b89730da98bc824273a6d67ca84d5f33cd85f317dcd5ce39d8cc0a2f060145a608a7cb8ce92
  languageName: node
  linkType: hard

"@types/http-cache-semantics@npm:^4.0.1":
  version: 4.0.1
  resolution: "@types/http-cache-semantics@npm:4.0.1"
  checksum: 1048aacf627829f0d5f00184e16548205cd9f964bf0841c29b36bc504509230c40bc57c39778703a1c965a6f5b416ae2cbf4c1d4589c889d2838dd9dbfccf6e9
  languageName: node
  linkType: hard

"abstract-logging@npm:^2.0.1":
  version: 2.0.1
  resolution: "abstract-logging@npm:2.0.1"
  checksum: 6967d15e5abbafd17f56eaf30ba8278c99333586fa4f7935fd80e93cfdc006c37fcc819c5d63ee373a12e6cb2d0417f7c3c6b9e42b957a25af9937d26749415e
  languageName: node
  linkType: hard

"argparse@npm:^2.0.1":
  version: 2.0.1
  resolution: "argparse@npm:2.0.1"
  checksum: 83644b56493e89a254bae05702abf3a1101b4fa4d0ca31df1c9985275a5a5bd47b3c27b7fa0b71098d41114d8ca000e6ed90cad764b306f8a503665e4d517ced
  languageName: node
  linkType: hard

"assert-plus@npm:^1.0.0":
  version: 1.0.0
  resolution: "assert-plus@npm:1.0.0"
  checksum: 19b4340cb8f0e6a981c07225eacac0e9d52c2644c080198765d63398f0075f83bbc0c8e95474d54224e297555ad0d631c1dcd058adb1ddc2437b41a6b424ac64
  languageName: node
  linkType: hard

"backoff@npm:^2.5.0":
  version: 2.5.0
  resolution: "backoff@npm:2.5.0"
  dependencies:
    precond: 0.2
  checksum: ccdcf2a26acd9379d0d4f09e3fb3b7ee34dee94f07ab74d1e38b38f89a3675d9f3cbebb142d9c61c655f4c9eb63f1d6ec28cebeb3dc9215efd8fe7cef92725b9
  languageName: node
  linkType: hard

"cacheable-lookup@npm:^7.0.0":
  version: 7.0.0
  resolution: "cacheable-lookup@npm:7.0.0"
  checksum: 9e2856763fc0a7347ab34d704c010440b819d4bb5e3593b664381b7433e942dd22e67ee5581f12256f908e79b82d30b86ebbacf40a081bfe10ee93fbfbc2d6a9
  languageName: node
  linkType: hard

"cacheable-request@npm:^10.2.8":
  version: 10.2.12
  resolution: "cacheable-request@npm:10.2.12"
  dependencies:
    "@types/http-cache-semantics": ^4.0.1
    get-stream: ^6.0.1
    http-cache-semantics: ^4.1.1
    keyv: ^4.5.2
    mimic-response: ^4.0.0
    normalize-url: ^8.0.0
    responselike: ^3.0.0
  checksum: 106f6da294c7e39e222ceb89d9857a2b0bbf95d92f6a24a242de7690245c103ffadc2e181fc4abe5d0d6878d90f62ceb8277a6b9b95a71e5b689d348ea0e1558
  languageName: node
  linkType: hard

"core-util-is@npm:1.0.2":
  version: 1.0.2
  resolution: "core-util-is@npm:1.0.2"
  checksum: 7a4c925b497a2c91421e25bf76d6d8190f0b2359a9200dbeed136e63b2931d6294d3b1893eda378883ed363cd950f44a12a401384c609839ea616befb7927dab
  languageName: node
  linkType: hard

"ctldap@workspace:.":
  version: 0.0.0-use.local
  resolution: "ctldap@workspace:."
  dependencies:
    "@ldapjs/attribute": ^1.0.0
    "@ldapjs/dn": ^1.1.0
    "@ldapjs/filter": ^2.1.1
    "@ldapjs/messages": ^1.2.1
    "@ldapjs/protocol": ^1.2.1
    "@node-rs/argon2": ^1.5.2
    "@node-rs/bcrypt": ^1.7.3
    got: ^13.0.0
    ldap-escape: ^2.0.6
    ldapjs: ^3.0.5
    tough-cookie: ^4.1.3
    yaml-env-defaults: ^2.0.5
  languageName: unknown
  linkType: soft

"decompress-response@npm:^6.0.0":
  version: 6.0.0
  resolution: "decompress-response@npm:6.0.0"
  dependencies:
    mimic-response: ^3.1.0
  checksum: d377cf47e02d805e283866c3f50d3d21578b779731e8c5072d6ce8c13cc31493db1c2f6784da9d1d5250822120cefa44f1deab112d5981015f2e17444b763812
  languageName: node
  linkType: hard

"defer-to-connect@npm:^2.0.1":
  version: 2.0.1
  resolution: "defer-to-connect@npm:2.0.1"
  checksum: 8a9b50d2f25446c0bfefb55a48e90afd58f85b21bcf78e9207cd7b804354f6409032a1705c2491686e202e64fc05f147aa5aa45f9aa82627563f045937f5791b
  languageName: node
  linkType: hard

"extsprintf@npm:^1.2.0":
  version: 1.3.0
  resolution: "extsprintf@npm:1.3.0"
  checksum: cee7a4a1e34cffeeec18559109de92c27517e5641991ec6bab849aa64e3081022903dd53084f2080d0d2530803aa5ee84f1e9de642c365452f9e67be8f958ce2
  languageName: node
  linkType: hard

"form-data-encoder@npm:^2.1.2":
  version: 2.1.4
  resolution: "form-data-encoder@npm:2.1.4"
  checksum: e0b3e5950fb69b3f32c273944620f9861f1933df9d3e42066e038e26dfb343d0f4465de9f27e0ead1a09d9df20bc2eed06a63c2ca2f8f00949e7202bae9e29dd
  languageName: node
  linkType: hard

"get-stream@npm:^6.0.1":
  version: 6.0.1
  resolution: "get-stream@npm:6.0.1"
  checksum: e04ecece32c92eebf5b8c940f51468cd53554dcbb0ea725b2748be583c9523d00128137966afce410b9b051eb2ef16d657cd2b120ca8edafcf5a65e81af63cad
  languageName: node
  linkType: hard

"got@npm:^13.0.0":
  version: 13.0.0
  resolution: "got@npm:13.0.0"
  dependencies:
    "@sindresorhus/is": ^5.2.0
    "@szmarczak/http-timer": ^5.0.1
    cacheable-lookup: ^7.0.0
    cacheable-request: ^10.2.8
    decompress-response: ^6.0.0
    form-data-encoder: ^2.1.2
    get-stream: ^6.0.1
    http2-wrapper: ^2.1.10
    lowercase-keys: ^3.0.0
    p-cancelable: ^3.0.0
    responselike: ^3.0.0
  checksum: bcae6601efd710bc6c5b454c5e44bcb16fcfe57a1065e2d61ff918c1d69c3cf124984ebf509ca64ed10f0da2d2b5531b77da05aa786e75849d084fb8fbea711b
  languageName: node
  linkType: hard

"http-cache-semantics@npm:^4.1.1":
  version: 4.1.1
  resolution: "http-cache-semantics@npm:4.1.1"
  checksum: 83ac0bc60b17a3a36f9953e7be55e5c8f41acc61b22583060e8dedc9dd5e3607c823a88d0926f9150e571f90946835c7fe150732801010845c72cd8bbff1a236
  languageName: node
  linkType: hard

"http2-wrapper@npm:^2.1.10":
  version: 2.2.0
  resolution: "http2-wrapper@npm:2.2.0"
  dependencies:
    quick-lru: ^5.1.1
    resolve-alpn: ^1.2.0
  checksum: 6fd20e5cb6a58151715b3581e06a62a47df943187d2d1f69e538a50cccb7175dd334ecfde7900a37d18f3e13a1a199518a2c211f39860e81e9a16210c199cfaa
  languageName: node
  linkType: hard

"js-yaml@npm:^4.1.0":
  version: 4.1.0
  resolution: "js-yaml@npm:4.1.0"
  dependencies:
    argparse: ^2.0.1
  bin:
    js-yaml: bin/js-yaml.js
  checksum: c7830dfd456c3ef2c6e355cc5a92e6700ceafa1d14bba54497b34a99f0376cecbb3e9ac14d3e5849b426d5a5140709a66237a8c991c675431271c4ce5504151a
  languageName: node
  linkType: hard

"json-buffer@npm:3.0.1":
  version: 3.0.1
  resolution: "json-buffer@npm:3.0.1"
  checksum: 9026b03edc2847eefa2e37646c579300a1f3a4586cfb62bf857832b60c852042d0d6ae55d1afb8926163fa54c2b01d83ae24705f34990348bdac6273a29d4581
  languageName: node
  linkType: hard

"keyv@npm:^4.5.2":
  version: 4.5.3
  resolution: "keyv@npm:4.5.3"
  dependencies:
    json-buffer: 3.0.1
  checksum: 3ffb4d5b72b6b4b4af443bbb75ca2526b23c750fccb5ac4c267c6116888b4b65681015c2833cb20d26cf3e6e32dac6b988c77f7f022e1a571b7d90f1442257da
  languageName: node
  linkType: hard

"ldap-escape@npm:^2.0.6":
  version: 2.0.6
  resolution: "ldap-escape@npm:2.0.6"
  checksum: f8a7ac2caa05e2285b22364f02df537494e488bea3ca4b9c306f0685354be4df6b91e88098b2c9fa77c00fcbd3ed73d3cea33fd9e7968edb1dcf87f87fbf3a14
  languageName: node
  linkType: hard

"ldapjs@npm:^3.0.5":
  version: 3.0.5
  resolution: "ldapjs@npm:3.0.5"
  dependencies:
    "@ldapjs/asn1": ^2.0.0
    "@ldapjs/attribute": ^1.0.0
    "@ldapjs/change": ^1.0.0
    "@ldapjs/controls": ^2.0.0
    "@ldapjs/dn": ^1.1.0
    "@ldapjs/filter": ^2.1.1
    "@ldapjs/messages": ^1.2.1
    "@ldapjs/protocol": ^1.2.1
    abstract-logging: ^2.0.1
    assert-plus: ^1.0.0
    backoff: ^2.5.0
    once: ^1.4.0
    vasync: ^2.2.1
    verror: ^1.10.1
  checksum: 45aeb021797e8839a355318aeae5a4e0dd8ae65307abec0fc36e8ffadda55531488548df458333b9501361960d784dde84c2dcf5cacf18e24ffa145070f1ab3c
  languageName: node
  linkType: hard

"lodash@npm:^4.17.21":
  version: 4.17.21
  resolution: "lodash@npm:4.17.21"
  checksum: eb835a2e51d381e561e508ce932ea50a8e5a68f4ebdd771ea240d3048244a8d13658acbd502cd4829768c56f2e16bdd4340b9ea141297d472517b83868e677f7
  languageName: node
  linkType: hard

"lowercase-keys@npm:^3.0.0":
  version: 3.0.0
  resolution: "lowercase-keys@npm:3.0.0"
  checksum: 67a3f81409af969bc0c4ca0e76cd7d16adb1e25aa1c197229587eaf8671275c8c067cd421795dbca4c81be0098e4c426a086a05e30de8a9c587b7a13c0c7ccc5
  languageName: node
  linkType: hard

"mimic-response@npm:^3.1.0":
  version: 3.1.0
  resolution: "mimic-response@npm:3.1.0"
  checksum: 25739fee32c17f433626bf19f016df9036b75b3d84a3046c7d156e72ec963dd29d7fc8a302f55a3d6c5a4ff24259676b15d915aad6480815a969ff2ec0836867
  languageName: node
  linkType: hard

"mimic-response@npm:^4.0.0":
  version: 4.0.0
  resolution: "mimic-response@npm:4.0.0"
  checksum: 33b804cc961efe206efdb1fca6a22540decdcfce6c14eb5c0c50e5ae9022267ab22ce8f5568b1f7247ba67500fe20d523d81e0e9f009b321ccd9d472e78d1850
  languageName: node
  linkType: hard

"normalize-url@npm:^8.0.0":
  version: 8.0.0
  resolution: "normalize-url@npm:8.0.0"
  checksum: 24c20b75ebfd526d8453084692720b49d111c63c0911f1b7447427829597841eef5a8ba3f6bb93d6654007b991c1f5cd85da2c907800e439e2e2ec6c2abd0fc0
  languageName: node
  linkType: hard

"once@npm:^1.4.0":
  version: 1.4.0
  resolution: "once@npm:1.4.0"
  dependencies:
    wrappy: 1
  checksum: cd0a88501333edd640d95f0d2700fbde6bff20b3d4d9bdc521bdd31af0656b5706570d6c6afe532045a20bb8dc0849f8332d6f2a416e0ba6d3d3b98806c7db68
  languageName: node
  linkType: hard

"p-cancelable@npm:^3.0.0":
  version: 3.0.0
  resolution: "p-cancelable@npm:3.0.0"
  checksum: 2b5ae34218f9c2cf7a7c18e5d9a726ef9b165ef07e6c959f6738371509e747334b5f78f3bcdeb03d8a12dcb978faf641fd87eb21486ed7d36fb823b8ddef3219
  languageName: node
  linkType: hard

"precond@npm:0.2":
  version: 0.2.3
  resolution: "precond@npm:0.2.3"
  checksum: c613e7d68af3e0b43a294a994bf067cc2bc44b03fd17bc4fb133e30617a4f5b49414b08e9b392d52d7c6822d8a71f66a7fe93a8a1e7d02240177202cff3f63ef
  languageName: node
  linkType: hard

"process-warning@npm:^2.1.0, process-warning@npm:^2.2.0":
  version: 2.2.0
  resolution: "process-warning@npm:2.2.0"
  checksum: 394ae451c2622ee7d014a7196d36658fc1a5d5cc9f3bfeb54aadd5b77fcfecc89a30a25db259ae76ff49fde3f3f3dd7031dcdfb4da2e5445dac795549352e5d0
  languageName: node
  linkType: hard

"psl@npm:^1.1.33":
  version: 1.9.0
  resolution: "psl@npm:1.9.0"
  checksum: 20c4277f640c93d393130673f392618e9a8044c6c7bf61c53917a0fddb4952790f5f362c6c730a9c32b124813e173733f9895add8d26f566ed0ea0654b2e711d
  languageName: node
  linkType: hard

"punycode@npm:^2.1.1":
  version: 2.3.0
  resolution: "punycode@npm:2.3.0"
  checksum: 39f760e09a2a3bbfe8f5287cf733ecdad69d6af2fe6f97ca95f24b8921858b91e9ea3c9eeec6e08cede96181b3bb33f95c6ffd8c77e63986508aa2e8159fa200
  languageName: node
  linkType: hard

"querystringify@npm:^2.1.1":
  version: 2.2.0
  resolution: "querystringify@npm:2.2.0"
  checksum: 5641ea231bad7ef6d64d9998faca95611ed4b11c2591a8cae741e178a974f6a8e0ebde008475259abe1621cb15e692404e6b6626e927f7b849d5c09392604b15
  languageName: node
  linkType: hard

"quick-lru@npm:^5.1.1":
  version: 5.1.1
  resolution: "quick-lru@npm:5.1.1"
  checksum: a516faa25574be7947969883e6068dbe4aa19e8ef8e8e0fd96cddd6d36485e9106d85c0041a27153286b0770b381328f4072aa40d3b18a19f5f7d2b78b94b5ed
  languageName: node
  linkType: hard

"requires-port@npm:^1.0.0":
  version: 1.0.0
  resolution: "requires-port@npm:1.0.0"
  checksum: eee0e303adffb69be55d1a214e415cf42b7441ae858c76dfc5353148644f6fd6e698926fc4643f510d5c126d12a705e7c8ed7e38061113bdf37547ab356797ff
  languageName: node
  linkType: hard

"resolve-alpn@npm:^1.2.0":
  version: 1.2.1
  resolution: "resolve-alpn@npm:1.2.1"
  checksum: f558071fcb2c60b04054c99aebd572a2af97ef64128d59bef7ab73bd50d896a222a056de40ffc545b633d99b304c259ea9d0c06830d5c867c34f0bfa60b8eae0
  languageName: node
  linkType: hard

"responselike@npm:^3.0.0":
  version: 3.0.0
  resolution: "responselike@npm:3.0.0"
  dependencies:
    lowercase-keys: ^3.0.0
  checksum: e0cc9be30df4f415d6d83cdede3c5c887cd4a73e7cc1708bcaab1d50a28d15acb68460ac5b02bcc55a42f3d493729c8856427dcf6e57e6e128ad05cba4cfb95e
  languageName: node
  linkType: hard

"tough-cookie@npm:^4.1.3":
  version: 4.1.3
  resolution: "tough-cookie@npm:4.1.3"
  dependencies:
    psl: ^1.1.33
    punycode: ^2.1.1
    universalify: ^0.2.0
    url-parse: ^1.5.3
  checksum: c9226afff36492a52118432611af083d1d8493a53ff41ec4ea48e5b583aec744b989e4280bcf476c910ec1525a89a4a0f1cae81c08b18fb2ec3a9b3a72b91dcc
  languageName: node
  linkType: hard

"universalify@npm:^0.2.0":
  version: 0.2.0
  resolution: "universalify@npm:0.2.0"
  checksum: e86134cb12919d177c2353196a4cc09981524ee87abf621f7bc8d249dbbbebaec5e7d1314b96061497981350df786e4c5128dbf442eba104d6e765bc260678b5
  languageName: node
  linkType: hard

"url-parse@npm:^1.5.3":
  version: 1.5.10
  resolution: "url-parse@npm:1.5.10"
  dependencies:
    querystringify: ^2.1.1
    requires-port: ^1.0.0
  checksum: fbdba6b1d83336aca2216bbdc38ba658d9cfb8fc7f665eb8b17852de638ff7d1a162c198a8e4ed66001ddbf6c9888d41e4798912c62b4fd777a31657989f7bdf
  languageName: node
  linkType: hard

"vasync@npm:^2.2.1":
  version: 2.2.1
  resolution: "vasync@npm:2.2.1"
  dependencies:
    verror: 1.10.0
  checksum: dca14090436f1b30d4887737af47bc8333795a6d45e520e583ca2c4476d841bf68606cbc79071cfd980e3e42e630736d66a598b9100a505663442ae2e7c2f92f
  languageName: node
  linkType: hard

"verror@npm:1.10.0":
  version: 1.10.0
  resolution: "verror@npm:1.10.0"
  dependencies:
    assert-plus: ^1.0.0
    core-util-is: 1.0.2
    extsprintf: ^1.2.0
  checksum: c431df0bedf2088b227a4e051e0ff4ca54df2c114096b0c01e1cbaadb021c30a04d7dd5b41ab277bcd51246ca135bf931d4c4c796ecae7a4fef6d744ecef36ea
  languageName: node
  linkType: hard

"verror@npm:^1.10.1":
  version: 1.10.1
  resolution: "verror@npm:1.10.1"
  dependencies:
    assert-plus: ^1.0.0
    core-util-is: 1.0.2
    extsprintf: ^1.2.0
  checksum: 690a8d6ad5a4001672290e9719e3107c86269bc45fe19f844758eecf502e59f8aa9631b19b839f6d3dea562334884d22d1eb95ae7c863032075a9212c889e116
  languageName: node
  linkType: hard

"wrappy@npm:1":
  version: 1.0.2
  resolution: "wrappy@npm:1.0.2"
  checksum: 159da4805f7e84a3d003d8841557196034155008f817172d4e986bd591f74aa82aa7db55929a54222309e01079a65a92a9e6414da5a6aa4b01ee44a511ac3ee5
  languageName: node
  linkType: hard

"yaml-env-defaults@npm:^2.0.5":
  version: 2.0.5
  resolution: "yaml-env-defaults@npm:2.0.5"
  dependencies:
    js-yaml: ^4.1.0
    lodash: ^4.17.21
  checksum: 0419e6c409e5f6d0665ceccc56ed0e8c371a34249103e1105bb308bf254eaec447e2f5aa19b1d730a2fc39fc572af017dccc93c9bccf16491904ed8172111216
  languageName: node
  linkType: hard
