# This file is generated by running "yarn install" inside your project.
# Manual changes might be lost - proceed with caution!

__metadata:
  version: 8
  cacheKey: 10c0

"@emnapi/core@npm:^1.1.0":
  version: 1.1.1
  resolution: "@emnapi/core@npm:1.1.1"
  dependencies:
    tslib: "npm:^2.4.0"
  checksum: 10c0/2efa2ea46d76a0b4983efd29fff489e779f0720a9225eea644f0d1be569f6321755a33fd6ff6c763d018db75ca6230af339c9a2c6c25f55a46701da9879a30a9
  languageName: node
  linkType: hard

"@emnapi/runtime@npm:^1.1.0":
  version: 1.1.1
  resolution: "@emnapi/runtime@npm:1.1.1"
  dependencies:
    tslib: "npm:^2.4.0"
  checksum: 10c0/c11ee57abf0ec643e64ccdace4b4fcc0b0c7b1117a191f969e84ae3669841aa90d2c17fa35b73f5a66fc0c843c8caca7bf11187faaeaa526bcfb7dbfb9b85de9
  languageName: node
  linkType: hard

"@ldapjs/asn1@npm:2.0.0, @ldapjs/asn1@npm:^2.0.0":
  version: 2.0.0
  resolution: "@ldapjs/asn1@npm:2.0.0"
  checksum: 10c0/23feb9e9b866e5c312c9d72a20e321db5d510f8f3b74230ef42b68634b9900228a20a51e105c3fc3f072dd03a90120b35555f80ffad7a15ee1767f9bbc39b5ab
  languageName: node
  linkType: hard

"@ldapjs/asn1@npm:^1.2.0":
  version: 1.2.0
  resolution: "@ldapjs/asn1@npm:1.2.0"
  checksum: 10c0/0fdc18a9040b67505afaa83c3629c71ea78cef0b177abf5e705fc57cd87ca2796fa3c072e9c26af985cfb86a02218b3c41c9c6347e924af11f3bfdbf0806621e
  languageName: node
  linkType: hard

"@ldapjs/attribute@npm:1.0.0, @ldapjs/attribute@npm:^1.0.0":
  version: 1.0.0
  resolution: "@ldapjs/attribute@npm:1.0.0"
  dependencies:
    "@ldapjs/asn1": "npm:2.0.0"
    "@ldapjs/protocol": "npm:^1.2.1"
    process-warning: "npm:^2.1.0"
  checksum: 10c0/c00776df3dfd5023a142f110e07d426ef6cf67e1178fbaeaa1fcf66cb9569d14fa59201096e4208ef701185cbe0a63ae1cc2573e96336544690396c84ce45716
  languageName: node
  linkType: hard

"@ldapjs/change@npm:^1.0.0":
  version: 1.0.0
  resolution: "@ldapjs/change@npm:1.0.0"
  dependencies:
    "@ldapjs/asn1": "npm:2.0.0"
    "@ldapjs/attribute": "npm:1.0.0"
  checksum: 10c0/ba65d2c74bdf49b7e9dba282bc9fb901f44c1a2bdd3cc3fec44221278d64ff1fc003b07d9b7c9e7acffb79d1c992ea35fcb47daa0de1542e77fbff3983113fe8
  languageName: node
  linkType: hard

"@ldapjs/controls@npm:^2.1.0":
  version: 2.1.0
  resolution: "@ldapjs/controls@npm:2.1.0"
  dependencies:
    "@ldapjs/asn1": "npm:^1.2.0"
    "@ldapjs/protocol": "npm:^1.2.1"
  checksum: 10c0/993b5a856f3c87233dcad6e1ee76b18dcbfb5db5de0a44f56b1a515d0728f7fb153fdfa98ce52b4fde78cb8ea46c40f17faa3e12e6b6c2f726f6539c8f6f9ff7
  languageName: node
  linkType: hard

"@ldapjs/dn@npm:^1.1.0":
  version: 1.1.0
  resolution: "@ldapjs/dn@npm:1.1.0"
  dependencies:
    "@ldapjs/asn1": "npm:2.0.0"
    process-warning: "npm:^2.1.0"
  checksum: 10c0/9a686e70b8930f3d6575a33c4905327625c67c5c30cb525d0d53da8c58d83d48787ad8184c6bda07547f7c087041d534b1ef218be37d5a0ea548a05d297e6332
  languageName: node
  linkType: hard

"@ldapjs/filter@npm:^2.1.1":
  version: 2.1.1
  resolution: "@ldapjs/filter@npm:2.1.1"
  dependencies:
    "@ldapjs/asn1": "npm:2.0.0"
    "@ldapjs/protocol": "npm:^1.2.1"
    process-warning: "npm:^2.1.0"
  checksum: 10c0/58c20387c921513f0b7bfe2fc6c83e2ecf9c70a9c4fa91fdfcf2b409416f8960533680e034aa9bdd44394c6bc352e228b825ea40d499e75130ab84bd9408e2c5
  languageName: node
  linkType: hard

"@ldapjs/messages@npm:^1.3.0":
  version: 1.3.0
  resolution: "@ldapjs/messages@npm:1.3.0"
  dependencies:
    "@ldapjs/asn1": "npm:^2.0.0"
    "@ldapjs/attribute": "npm:^1.0.0"
    "@ldapjs/change": "npm:^1.0.0"
    "@ldapjs/controls": "npm:^2.1.0"
    "@ldapjs/dn": "npm:^1.1.0"
    "@ldapjs/filter": "npm:^2.1.1"
    "@ldapjs/protocol": "npm:^1.2.1"
    process-warning: "npm:^2.2.0"
  checksum: 10c0/5ed86ff6c13bd1bb3c7e53d449a3ddbfc83d441e24691e3b4c102216ac948bf7e8fb5b21f3c7374a0599d5c411474bd08ff9fe2706297b459ee139ac59aa008d
  languageName: node
  linkType: hard

"@ldapjs/protocol@npm:^1.2.1":
  version: 1.2.1
  resolution: "@ldapjs/protocol@npm:1.2.1"
  checksum: 10c0/d6b9cfda7d78b4f35f0ac226d6170d5a0485ded2bd7749bc7a298de77820c52c0a7b8d7f20fd0d6fd7a4b3a0e2941b3844b8e5130980e73ecf7e028a87d9a74b
  languageName: node
  linkType: hard

"@napi-rs/wasm-runtime@npm:^0.2.3":
  version: 0.2.3
  resolution: "@napi-rs/wasm-runtime@npm:0.2.3"
  dependencies:
    "@emnapi/core": "npm:^1.1.0"
    "@emnapi/runtime": "npm:^1.1.0"
    "@tybys/wasm-util": "npm:^0.8.3"
  checksum: 10c0/9fd2cd3603b4f95a9b9486bcde68fa467d1bbdf5b41c1eede34ffe0a8e8ec86b63bb1e67474ea973ff531bfa98405b6fb0daf6de9fe6b71c1b2eba32161364b5
  languageName: node
  linkType: hard

"@node-rs/argon2-android-arm-eabi@npm:1.8.3":
  version: 1.8.3
  resolution: "@node-rs/argon2-android-arm-eabi@npm:1.8.3"
  conditions: os=android & cpu=arm
  languageName: node
  linkType: hard

"@node-rs/argon2-android-arm64@npm:1.8.3":
  version: 1.8.3
  resolution: "@node-rs/argon2-android-arm64@npm:1.8.3"
  conditions: os=android & cpu=arm64
  languageName: node
  linkType: hard

"@node-rs/argon2-darwin-arm64@npm:1.8.3":
  version: 1.8.3
  resolution: "@node-rs/argon2-darwin-arm64@npm:1.8.3"
  conditions: os=darwin & cpu=arm64
  languageName: node
  linkType: hard

"@node-rs/argon2-darwin-x64@npm:1.8.3":
  version: 1.8.3
  resolution: "@node-rs/argon2-darwin-x64@npm:1.8.3"
  conditions: os=darwin & cpu=x64
  languageName: node
  linkType: hard

"@node-rs/argon2-freebsd-x64@npm:1.8.3":
  version: 1.8.3
  resolution: "@node-rs/argon2-freebsd-x64@npm:1.8.3"
  conditions: os=freebsd & cpu=x64
  languageName: node
  linkType: hard

"@node-rs/argon2-linux-arm-gnueabihf@npm:1.8.3":
  version: 1.8.3
  resolution: "@node-rs/argon2-linux-arm-gnueabihf@npm:1.8.3"
  conditions: os=linux & cpu=arm
  languageName: node
  linkType: hard

"@node-rs/argon2-linux-arm64-gnu@npm:1.8.3":
  version: 1.8.3
  resolution: "@node-rs/argon2-linux-arm64-gnu@npm:1.8.3"
  conditions: os=linux & cpu=arm64 & libc=glibc
  languageName: node
  linkType: hard

"@node-rs/argon2-linux-arm64-musl@npm:1.8.3":
  version: 1.8.3
  resolution: "@node-rs/argon2-linux-arm64-musl@npm:1.8.3"
  conditions: os=linux & cpu=arm64 & libc=musl
  languageName: node
  linkType: hard

"@node-rs/argon2-linux-x64-gnu@npm:1.8.3":
  version: 1.8.3
  resolution: "@node-rs/argon2-linux-x64-gnu@npm:1.8.3"
  conditions: os=linux & cpu=x64 & libc=glibc
  languageName: node
  linkType: hard

"@node-rs/argon2-linux-x64-musl@npm:1.8.3":
  version: 1.8.3
  resolution: "@node-rs/argon2-linux-x64-musl@npm:1.8.3"
  conditions: os=linux & cpu=x64 & libc=musl
  languageName: node
  linkType: hard

"@node-rs/argon2-wasm32-wasi@npm:1.8.3":
  version: 1.8.3
  resolution: "@node-rs/argon2-wasm32-wasi@npm:1.8.3"
  dependencies:
    "@napi-rs/wasm-runtime": "npm:^0.2.3"
  conditions: cpu=wasm32
  languageName: node
  linkType: hard

"@node-rs/argon2-win32-arm64-msvc@npm:1.8.3":
  version: 1.8.3
  resolution: "@node-rs/argon2-win32-arm64-msvc@npm:1.8.3"
  conditions: os=win32 & cpu=arm64
  languageName: node
  linkType: hard

"@node-rs/argon2-win32-ia32-msvc@npm:1.8.3":
  version: 1.8.3
  resolution: "@node-rs/argon2-win32-ia32-msvc@npm:1.8.3"
  conditions: os=win32 & cpu=ia32
  languageName: node
  linkType: hard

"@node-rs/argon2-win32-x64-msvc@npm:1.8.3":
  version: 1.8.3
  resolution: "@node-rs/argon2-win32-x64-msvc@npm:1.8.3"
  conditions: os=win32 & cpu=x64
  languageName: node
  linkType: hard

"@node-rs/argon2@npm:^1.8.3":
  version: 1.8.3
  resolution: "@node-rs/argon2@npm:1.8.3"
  dependencies:
    "@node-rs/argon2-android-arm-eabi": "npm:1.8.3"
    "@node-rs/argon2-android-arm64": "npm:1.8.3"
    "@node-rs/argon2-darwin-arm64": "npm:1.8.3"
    "@node-rs/argon2-darwin-x64": "npm:1.8.3"
    "@node-rs/argon2-freebsd-x64": "npm:1.8.3"
    "@node-rs/argon2-linux-arm-gnueabihf": "npm:1.8.3"
    "@node-rs/argon2-linux-arm64-gnu": "npm:1.8.3"
    "@node-rs/argon2-linux-arm64-musl": "npm:1.8.3"
    "@node-rs/argon2-linux-x64-gnu": "npm:1.8.3"
    "@node-rs/argon2-linux-x64-musl": "npm:1.8.3"
    "@node-rs/argon2-wasm32-wasi": "npm:1.8.3"
    "@node-rs/argon2-win32-arm64-msvc": "npm:1.8.3"
    "@node-rs/argon2-win32-ia32-msvc": "npm:1.8.3"
    "@node-rs/argon2-win32-x64-msvc": "npm:1.8.3"
  dependenciesMeta:
    "@node-rs/argon2-android-arm-eabi":
      optional: true
    "@node-rs/argon2-android-arm64":
      optional: true
    "@node-rs/argon2-darwin-arm64":
      optional: true
    "@node-rs/argon2-darwin-x64":
      optional: true
    "@node-rs/argon2-freebsd-x64":
      optional: true
    "@node-rs/argon2-linux-arm-gnueabihf":
      optional: true
    "@node-rs/argon2-linux-arm64-gnu":
      optional: true
    "@node-rs/argon2-linux-arm64-musl":
      optional: true
    "@node-rs/argon2-linux-x64-gnu":
      optional: true
    "@node-rs/argon2-linux-x64-musl":
      optional: true
    "@node-rs/argon2-wasm32-wasi":
      optional: true
    "@node-rs/argon2-win32-arm64-msvc":
      optional: true
    "@node-rs/argon2-win32-ia32-msvc":
      optional: true
    "@node-rs/argon2-win32-x64-msvc":
      optional: true
  checksum: 10c0/ae4c466fb8845b6b4db99a6f8814aa89cc6ba38cd351c0c6df171301ecab95a44a3cb8ae4683e6ae93d12cf72cd1fe12934abff8b1246e6bf5ad0eb4e84844d3
  languageName: node
  linkType: hard

"@node-rs/bcrypt-android-arm-eabi@npm:1.10.4":
  version: 1.10.4
  resolution: "@node-rs/bcrypt-android-arm-eabi@npm:1.10.4"
  conditions: os=android & cpu=arm
  languageName: node
  linkType: hard

"@node-rs/bcrypt-android-arm64@npm:1.10.4":
  version: 1.10.4
  resolution: "@node-rs/bcrypt-android-arm64@npm:1.10.4"
  conditions: os=android & cpu=arm64
  languageName: node
  linkType: hard

"@node-rs/bcrypt-darwin-arm64@npm:1.10.4":
  version: 1.10.4
  resolution: "@node-rs/bcrypt-darwin-arm64@npm:1.10.4"
  conditions: os=darwin & cpu=arm64
  languageName: node
  linkType: hard

"@node-rs/bcrypt-darwin-x64@npm:1.10.4":
  version: 1.10.4
  resolution: "@node-rs/bcrypt-darwin-x64@npm:1.10.4"
  conditions: os=darwin & cpu=x64
  languageName: node
  linkType: hard

"@node-rs/bcrypt-freebsd-x64@npm:1.10.4":
  version: 1.10.4
  resolution: "@node-rs/bcrypt-freebsd-x64@npm:1.10.4"
  conditions: os=freebsd & cpu=x64
  languageName: node
  linkType: hard

"@node-rs/bcrypt-linux-arm-gnueabihf@npm:1.10.4":
  version: 1.10.4
  resolution: "@node-rs/bcrypt-linux-arm-gnueabihf@npm:1.10.4"
  conditions: os=linux & cpu=arm
  languageName: node
  linkType: hard

"@node-rs/bcrypt-linux-arm64-gnu@npm:1.10.4":
  version: 1.10.4
  resolution: "@node-rs/bcrypt-linux-arm64-gnu@npm:1.10.4"
  conditions: os=linux & cpu=arm64 & libc=glibc
  languageName: node
  linkType: hard

"@node-rs/bcrypt-linux-arm64-musl@npm:1.10.4":
  version: 1.10.4
  resolution: "@node-rs/bcrypt-linux-arm64-musl@npm:1.10.4"
  conditions: os=linux & cpu=arm64 & libc=musl
  languageName: node
  linkType: hard

"@node-rs/bcrypt-linux-x64-gnu@npm:1.10.4":
  version: 1.10.4
  resolution: "@node-rs/bcrypt-linux-x64-gnu@npm:1.10.4"
  conditions: os=linux & cpu=x64 & libc=glibc
  languageName: node
  linkType: hard

"@node-rs/bcrypt-linux-x64-musl@npm:1.10.4":
  version: 1.10.4
  resolution: "@node-rs/bcrypt-linux-x64-musl@npm:1.10.4"
  conditions: os=linux & cpu=x64 & libc=musl
  languageName: node
  linkType: hard

"@node-rs/bcrypt-wasm32-wasi@npm:1.10.4":
  version: 1.10.4
  resolution: "@node-rs/bcrypt-wasm32-wasi@npm:1.10.4"
  dependencies:
    "@napi-rs/wasm-runtime": "npm:^0.2.3"
  conditions: cpu=wasm32
  languageName: node
  linkType: hard

"@node-rs/bcrypt-win32-arm64-msvc@npm:1.10.4":
  version: 1.10.4
  resolution: "@node-rs/bcrypt-win32-arm64-msvc@npm:1.10.4"
  conditions: os=win32 & cpu=arm64
  languageName: node
  linkType: hard

"@node-rs/bcrypt-win32-ia32-msvc@npm:1.10.4":
  version: 1.10.4
  resolution: "@node-rs/bcrypt-win32-ia32-msvc@npm:1.10.4"
  conditions: os=win32 & cpu=ia32
  languageName: node
  linkType: hard

"@node-rs/bcrypt-win32-x64-msvc@npm:1.10.4":
  version: 1.10.4
  resolution: "@node-rs/bcrypt-win32-x64-msvc@npm:1.10.4"
  conditions: os=win32 & cpu=x64
  languageName: node
  linkType: hard

"@node-rs/bcrypt@npm:^1.10.4":
  version: 1.10.4
  resolution: "@node-rs/bcrypt@npm:1.10.4"
  dependencies:
    "@node-rs/bcrypt-android-arm-eabi": "npm:1.10.4"
    "@node-rs/bcrypt-android-arm64": "npm:1.10.4"
    "@node-rs/bcrypt-darwin-arm64": "npm:1.10.4"
    "@node-rs/bcrypt-darwin-x64": "npm:1.10.4"
    "@node-rs/bcrypt-freebsd-x64": "npm:1.10.4"
    "@node-rs/bcrypt-linux-arm-gnueabihf": "npm:1.10.4"
    "@node-rs/bcrypt-linux-arm64-gnu": "npm:1.10.4"
    "@node-rs/bcrypt-linux-arm64-musl": "npm:1.10.4"
    "@node-rs/bcrypt-linux-x64-gnu": "npm:1.10.4"
    "@node-rs/bcrypt-linux-x64-musl": "npm:1.10.4"
    "@node-rs/bcrypt-wasm32-wasi": "npm:1.10.4"
    "@node-rs/bcrypt-win32-arm64-msvc": "npm:1.10.4"
    "@node-rs/bcrypt-win32-ia32-msvc": "npm:1.10.4"
    "@node-rs/bcrypt-win32-x64-msvc": "npm:1.10.4"
  dependenciesMeta:
    "@node-rs/bcrypt-android-arm-eabi":
      optional: true
    "@node-rs/bcrypt-android-arm64":
      optional: true
    "@node-rs/bcrypt-darwin-arm64":
      optional: true
    "@node-rs/bcrypt-darwin-x64":
      optional: true
    "@node-rs/bcrypt-freebsd-x64":
      optional: true
    "@node-rs/bcrypt-linux-arm-gnueabihf":
      optional: true
    "@node-rs/bcrypt-linux-arm64-gnu":
      optional: true
    "@node-rs/bcrypt-linux-arm64-musl":
      optional: true
    "@node-rs/bcrypt-linux-x64-gnu":
      optional: true
    "@node-rs/bcrypt-linux-x64-musl":
      optional: true
    "@node-rs/bcrypt-wasm32-wasi":
      optional: true
    "@node-rs/bcrypt-win32-arm64-msvc":
      optional: true
    "@node-rs/bcrypt-win32-ia32-msvc":
      optional: true
    "@node-rs/bcrypt-win32-x64-msvc":
      optional: true
  checksum: 10c0/cadf4e8820659a9dc4d08cf35a1ea3f2d89fe82c3efb2ac355318c3df9c7775ddf3c08ff81abafd2780d9f2da80d3d191ac958ddc1db3d19937b21213e53fc6f
  languageName: node
  linkType: hard

"@sindresorhus/is@npm:^6.1.0":
  version: 6.3.0
  resolution: "@sindresorhus/is@npm:6.3.0"
  checksum: 10c0/40d201fc1abcab01f946f020c3f33dbaba9532af58eda6bd8f55f6cb77ddb093ac4b1016f53b4b3699f1c8ec653a52978ad0e86aae56c834e6968e6af08a68ac
  languageName: node
  linkType: hard

"@szmarczak/http-timer@npm:^5.0.1":
  version: 5.0.1
  resolution: "@szmarczak/http-timer@npm:5.0.1"
  dependencies:
    defer-to-connect: "npm:^2.0.1"
  checksum: 10c0/4629d2fbb2ea67c2e9dc03af235c0991c79ebdddcbc19aed5d5732fb29ce01c13331e9b1a491584b9069bd6ecde6581dcbf871f11b7eefdebbab34de6cf2197e
  languageName: node
  linkType: hard

"@tybys/wasm-util@npm:^0.8.3":
  version: 0.8.3
  resolution: "@tybys/wasm-util@npm:0.8.3"
  dependencies:
    tslib: "npm:^2.4.0"
  checksum: 10c0/62ec238710453713a207a2cbcfa74ae5bebc5cd4d718dc34370a7fd5263e8213fe7e24436ec6544105331006f6d0806115956bed030672268dad4a3c123e0f2d
  languageName: node
  linkType: hard

"@types/http-cache-semantics@npm:^4.0.2":
  version: 4.0.4
  resolution: "@types/http-cache-semantics@npm:4.0.4"
  checksum: 10c0/51b72568b4b2863e0fe8d6ce8aad72a784b7510d72dc866215642da51d84945a9459fa89f49ec48f1e9a1752e6a78e85a4cda0ded06b1c73e727610c925f9ce6
  languageName: node
  linkType: hard

"abort-controller@npm:^3.0.0":
  version: 3.0.0
  resolution: "abort-controller@npm:3.0.0"
  dependencies:
    event-target-shim: "npm:^5.0.0"
  checksum: 10c0/90ccc50f010250152509a344eb2e71977fbf8db0ab8f1061197e3275ddf6c61a41a6edfd7b9409c664513131dd96e962065415325ef23efa5db931b382d24ca5
  languageName: node
  linkType: hard

"abstract-logging@npm:^2.0.1":
  version: 2.0.1
  resolution: "abstract-logging@npm:2.0.1"
  checksum: 10c0/304879d9babcf6772260e5ddde632e6428e1f42f7a7a116d4689e97ad813a20e0ec2dd1e0a122f3617557f40091b9ca85735de4b48c17a2041268cb47b3f8ef1
  languageName: node
  linkType: hard

"argparse@npm:^2.0.1":
  version: 2.0.1
  resolution: "argparse@npm:2.0.1"
  checksum: 10c0/c5640c2d89045371c7cedd6a70212a04e360fd34d6edeae32f6952c63949e3525ea77dbec0289d8213a99bbaeab5abfa860b5c12cf88a2e6cf8106e90dd27a7e
  languageName: node
  linkType: hard

"assert-plus@npm:^1.0.0":
  version: 1.0.0
  resolution: "assert-plus@npm:1.0.0"
  checksum: 10c0/b194b9d50c3a8f872ee85ab110784911e696a4d49f7ee6fc5fb63216dedbefd2c55999c70cb2eaeb4cf4a0e0338b44e9ace3627117b5bf0d42460e9132f21b91
  languageName: node
  linkType: hard

"atomic-sleep@npm:^1.0.0":
  version: 1.0.0
  resolution: "atomic-sleep@npm:1.0.0"
  checksum: 10c0/e329a6665512736a9bbb073e1761b4ec102f7926cce35037753146a9db9c8104f5044c1662e4a863576ce544fb8be27cd2be6bc8c1a40147d03f31eb1cfb6e8a
  languageName: node
  linkType: hard

"backoff@npm:^2.5.0":
  version: 2.5.0
  resolution: "backoff@npm:2.5.0"
  dependencies:
    precond: "npm:0.2"
  checksum: 10c0/57afcd07c08e9174d78f79643ebca1e8da752143ef6675e6b4a0b08ec6b497db3317089350c02fb747ae54c53f485c4d8b0742130b78028bb8a8cd96dd69ce0f
  languageName: node
  linkType: hard

"base64-js@npm:^1.3.1":
  version: 1.5.1
  resolution: "base64-js@npm:1.5.1"
  checksum: 10c0/f23823513b63173a001030fae4f2dabe283b99a9d324ade3ad3d148e218134676f1ee8568c877cd79ec1c53158dcf2d2ba527a97c606618928ba99dd930102bf
  languageName: node
  linkType: hard

"buffer@npm:^6.0.3":
  version: 6.0.3
  resolution: "buffer@npm:6.0.3"
  dependencies:
    base64-js: "npm:^1.3.1"
    ieee754: "npm:^1.2.1"
  checksum: 10c0/2a905fbbcde73cc5d8bd18d1caa23715d5f83a5935867c2329f0ac06104204ba7947be098fe1317fbd8830e26090ff8e764f08cd14fefc977bb248c3487bcbd0
  languageName: node
  linkType: hard

"cacheable-lookup@npm:^7.0.0":
  version: 7.0.0
  resolution: "cacheable-lookup@npm:7.0.0"
  checksum: 10c0/63a9c144c5b45cb5549251e3ea774c04d63063b29e469f7584171d059d3a88f650f47869a974e2d07de62116463d742c287a81a625e791539d987115cb081635
  languageName: node
  linkType: hard

"cacheable-request@npm:^10.2.14":
  version: 10.2.14
  resolution: "cacheable-request@npm:10.2.14"
  dependencies:
    "@types/http-cache-semantics": "npm:^4.0.2"
    get-stream: "npm:^6.0.1"
    http-cache-semantics: "npm:^4.1.1"
    keyv: "npm:^4.5.3"
    mimic-response: "npm:^4.0.0"
    normalize-url: "npm:^8.0.0"
    responselike: "npm:^3.0.0"
  checksum: 10c0/41b6658db369f20c03128227ecd219ca7ac52a9d24fc0f499cc9aa5d40c097b48b73553504cebd137024d957c0ddb5b67cf3ac1439b136667f3586257763f88d
  languageName: node
  linkType: hard

"colorette@npm:^2.0.7":
  version: 2.0.20
  resolution: "colorette@npm:2.0.20"
  checksum: 10c0/e94116ff33b0ff56f3b83b9ace895e5bf87c2a7a47b3401b8c3f3226e050d5ef76cf4072fb3325f9dc24d1698f9b730baf4e05eeaf861d74a1883073f4c98a40
  languageName: node
  linkType: hard

"core-util-is@npm:1.0.2":
  version: 1.0.2
  resolution: "core-util-is@npm:1.0.2"
  checksum: 10c0/980a37a93956d0de8a828ce508f9b9e3317039d68922ca79995421944146700e4aaf490a6dbfebcb1c5292a7184600c7710b957d724be1e37b8254c6bc0fe246
  languageName: node
  linkType: hard

"ctldap@workspace:.":
  version: 0.0.0-use.local
  resolution: "ctldap@workspace:."
  dependencies:
    "@ldapjs/attribute": "npm:^1.0.0"
    "@ldapjs/dn": "npm:^1.1.0"
    "@ldapjs/filter": "npm:^2.1.1"
    "@ldapjs/messages": "npm:^1.3.0"
    "@ldapjs/protocol": "npm:^1.2.1"
    "@node-rs/argon2": "npm:^1.8.3"
    "@node-rs/bcrypt": "npm:^1.10.4"
    got: "npm:^14.2.1"
    ldap-escape: "npm:^2.0.6"
    ldapjs: "npm:^3.0.7"
    pino: "npm:^9.0.0"
    pino-pretty: "npm:^11.0.0"
    tough-cookie: "npm:^4.1.4"
    yaml-env-defaults: "npm:^2.0.5"
  languageName: unknown
  linkType: soft

"dateformat@npm:^4.6.3":
  version: 4.6.3
  resolution: "dateformat@npm:4.6.3"
  checksum: 10c0/e2023b905e8cfe2eb8444fb558562b524807a51cdfe712570f360f873271600b5c94aebffaf11efb285e2c072264a7cf243eadb68f3eba0f8cc85fb86cd25df6
  languageName: node
  linkType: hard

"decompress-response@npm:^6.0.0":
  version: 6.0.0
  resolution: "decompress-response@npm:6.0.0"
  dependencies:
    mimic-response: "npm:^3.1.0"
  checksum: 10c0/bd89d23141b96d80577e70c54fb226b2f40e74a6817652b80a116d7befb8758261ad073a8895648a29cc0a5947021ab66705cb542fa9c143c82022b27c5b175e
  languageName: node
  linkType: hard

"defer-to-connect@npm:^2.0.1":
  version: 2.0.1
  resolution: "defer-to-connect@npm:2.0.1"
  checksum: 10c0/625ce28e1b5ad10cf77057b9a6a727bf84780c17660f6644dab61dd34c23de3001f03cedc401f7d30a4ed9965c2e8a7336e220a329146f2cf85d4eddea429782
  languageName: node
  linkType: hard

"end-of-stream@npm:^1.1.0":
  version: 1.4.4
  resolution: "end-of-stream@npm:1.4.4"
  dependencies:
    once: "npm:^1.4.0"
  checksum: 10c0/870b423afb2d54bb8d243c63e07c170409d41e20b47eeef0727547aea5740bd6717aca45597a9f2745525667a6b804c1e7bede41f856818faee5806dd9ff3975
  languageName: node
  linkType: hard

"event-target-shim@npm:^5.0.0":
  version: 5.0.1
  resolution: "event-target-shim@npm:5.0.1"
  checksum: 10c0/0255d9f936215fd206156fd4caa9e8d35e62075d720dc7d847e89b417e5e62cf1ce6c9b4e0a1633a9256de0efefaf9f8d26924b1f3c8620cffb9db78e7d3076b
  languageName: node
  linkType: hard

"events@npm:^3.3.0":
  version: 3.3.0
  resolution: "events@npm:3.3.0"
  checksum: 10c0/d6b6f2adbccbcda74ddbab52ed07db727ef52e31a61ed26db9feb7dc62af7fc8e060defa65e5f8af9449b86b52cc1a1f6a79f2eafcf4e62add2b7a1fa4a432f6
  languageName: node
  linkType: hard

"extsprintf@npm:^1.2.0":
  version: 1.3.0
  resolution: "extsprintf@npm:1.3.0"
  checksum: 10c0/f75114a8388f0cbce68e277b6495dc3930db4dde1611072e4a140c24e204affd77320d004b947a132e9a3b97b8253017b2b62dce661975fb0adced707abf1ab5
  languageName: node
  linkType: hard

"fast-copy@npm:^3.0.0":
  version: 3.0.2
  resolution: "fast-copy@npm:3.0.2"
  checksum: 10c0/02e8b9fd03c8c024d2987760ce126456a0e17470850b51e11a1c3254eed6832e4733ded2d93316c82bc0b36aeb991ad1ff48d1ba95effe7add7c3ab8d8eb554a
  languageName: node
  linkType: hard

"fast-redact@npm:^3.1.1":
  version: 3.5.0
  resolution: "fast-redact@npm:3.5.0"
  checksum: 10c0/7e2ce4aad6e7535e0775bf12bd3e4f2e53d8051d8b630e0fa9e67f68cb0b0e6070d2f7a94b1d0522ef07e32f7c7cda5755e2b677a6538f1e9070ca053c42343a
  languageName: node
  linkType: hard

"fast-safe-stringify@npm:^2.1.1":
  version: 2.1.1
  resolution: "fast-safe-stringify@npm:2.1.1"
  checksum: 10c0/d90ec1c963394919828872f21edaa3ad6f1dddd288d2bd4e977027afff09f5db40f94e39536d4646f7e01761d704d72d51dce5af1b93717f3489ef808f5f4e4d
  languageName: node
  linkType: hard

"form-data-encoder@npm:^4.0.2":
  version: 4.0.2
  resolution: "form-data-encoder@npm:4.0.2"
  checksum: 10c0/559d3130e265316452434eaf68d68560fb36392ff4d04614683419de4fb43c3dbe152dc303599fae382ce24d3451a6d3d289d3bcc182ae3d8ad32e7ce8e35e53
  languageName: node
  linkType: hard

"get-stream@npm:^6.0.1":
  version: 6.0.1
  resolution: "get-stream@npm:6.0.1"
  checksum: 10c0/49825d57d3fd6964228e6200a58169464b8e8970489b3acdc24906c782fb7f01f9f56f8e6653c4a50713771d6658f7cfe051e5eb8c12e334138c9c918b296341
  languageName: node
  linkType: hard

"get-stream@npm:^8.0.1":
  version: 8.0.1
  resolution: "get-stream@npm:8.0.1"
  checksum: 10c0/5c2181e98202b9dae0bb4a849979291043e5892eb40312b47f0c22b9414fc9b28a3b6063d2375705eb24abc41ecf97894d9a51f64ff021511b504477b27b4290
  languageName: node
  linkType: hard

"got@npm:^14.2.1":
  version: 14.2.1
  resolution: "got@npm:14.2.1"
  dependencies:
    "@sindresorhus/is": "npm:^6.1.0"
    "@szmarczak/http-timer": "npm:^5.0.1"
    cacheable-lookup: "npm:^7.0.0"
    cacheable-request: "npm:^10.2.14"
    decompress-response: "npm:^6.0.0"
    form-data-encoder: "npm:^4.0.2"
    get-stream: "npm:^8.0.1"
    http2-wrapper: "npm:^2.2.1"
    lowercase-keys: "npm:^3.0.0"
    p-cancelable: "npm:^4.0.1"
    responselike: "npm:^3.0.0"
  checksum: 10c0/6592f70d570d988ace9f3c7ecd4e01d34c96ff5fc2896abce1b820b1e48c6661690c5a692495ad1334054e6051efcfa056165bc863b1d90dd3659bdf0ec9421f
  languageName: node
  linkType: hard

"help-me@npm:^5.0.0":
  version: 5.0.0
  resolution: "help-me@npm:5.0.0"
  checksum: 10c0/054c0e2e9ae2231c85ab5e04f75109b9d068ffcc54e58fb22079822a5ace8ff3d02c66fd45379c902ad5ab825e5d2e1451fcc2f7eab1eb49e7d488133ba4cacb
  languageName: node
  linkType: hard

"http-cache-semantics@npm:^4.1.1":
  version: 4.1.1
  resolution: "http-cache-semantics@npm:4.1.1"
  checksum: 10c0/ce1319b8a382eb3cbb4a37c19f6bfe14e5bb5be3d09079e885e8c513ab2d3cd9214902f8a31c9dc4e37022633ceabfc2d697405deeaf1b8f3552bb4ed996fdfc
  languageName: node
  linkType: hard

"http2-wrapper@npm:^2.2.1":
  version: 2.2.1
  resolution: "http2-wrapper@npm:2.2.1"
  dependencies:
    quick-lru: "npm:^5.1.1"
    resolve-alpn: "npm:^1.2.0"
  checksum: 10c0/7207201d3c6e53e72e510c9b8912e4f3e468d3ecc0cf3bf52682f2aac9cd99358b896d1da4467380adc151cf97c412bedc59dc13dae90c523f42053a7449eedb
  languageName: node
  linkType: hard

"ieee754@npm:^1.2.1":
  version: 1.2.1
  resolution: "ieee754@npm:1.2.1"
  checksum: 10c0/b0782ef5e0935b9f12883a2e2aa37baa75da6e66ce6515c168697b42160807d9330de9a32ec1ed73149aea02e0d822e572bca6f1e22bdcbd2149e13b050b17bb
  languageName: node
  linkType: hard

"joycon@npm:^3.1.1":
  version: 3.1.1
  resolution: "joycon@npm:3.1.1"
  checksum: 10c0/131fb1e98c9065d067fd49b6e685487ac4ad4d254191d7aa2c9e3b90f4e9ca70430c43cad001602bdbdabcf58717d3b5c5b7461c1bd8e39478c8de706b3fe6ae
  languageName: node
  linkType: hard

"js-yaml@npm:^4.1.0":
  version: 4.1.0
  resolution: "js-yaml@npm:4.1.0"
  dependencies:
    argparse: "npm:^2.0.1"
  bin:
    js-yaml: bin/js-yaml.js
  checksum: 10c0/184a24b4eaacfce40ad9074c64fd42ac83cf74d8c8cd137718d456ced75051229e5061b8633c3366b8aada17945a7a356b337828c19da92b51ae62126575018f
  languageName: node
  linkType: hard

"json-buffer@npm:3.0.1":
  version: 3.0.1
  resolution: "json-buffer@npm:3.0.1"
  checksum: 10c0/0d1c91569d9588e7eef2b49b59851f297f3ab93c7b35c7c221e288099322be6b562767d11e4821da500f3219542b9afd2e54c5dc573107c1126ed1080f8e96d7
  languageName: node
  linkType: hard

"keyv@npm:^4.5.3":
  version: 4.5.4
  resolution: "keyv@npm:4.5.4"
  dependencies:
    json-buffer: "npm:3.0.1"
  checksum: 10c0/aa52f3c5e18e16bb6324876bb8b59dd02acf782a4b789c7b2ae21107fab95fab3890ed448d4f8dba80ce05391eeac4bfabb4f02a20221342982f806fa2cf271e
  languageName: node
  linkType: hard

"ldap-escape@npm:^2.0.6":
  version: 2.0.6
  resolution: "ldap-escape@npm:2.0.6"
  checksum: 10c0/d97cc106b9b61f31a546aad35abbfd86c69e4e14e2f86b2335674c999a77a40a848d33b11df92f4558b0b944cbe0ac14ed821644f962f8c1104bed8a6a923b95
  languageName: node
  linkType: hard

"ldapjs@npm:^3.0.7":
  version: 3.0.7
  resolution: "ldapjs@npm:3.0.7"
  dependencies:
    "@ldapjs/asn1": "npm:^2.0.0"
    "@ldapjs/attribute": "npm:^1.0.0"
    "@ldapjs/change": "npm:^1.0.0"
    "@ldapjs/controls": "npm:^2.1.0"
    "@ldapjs/dn": "npm:^1.1.0"
    "@ldapjs/filter": "npm:^2.1.1"
    "@ldapjs/messages": "npm:^1.3.0"
    "@ldapjs/protocol": "npm:^1.2.1"
    abstract-logging: "npm:^2.0.1"
    assert-plus: "npm:^1.0.0"
    backoff: "npm:^2.5.0"
    once: "npm:^1.4.0"
    vasync: "npm:^2.2.1"
    verror: "npm:^1.10.1"
  checksum: 10c0/4c537d116b0f019a165606954f7093b22dc77963eadd825cbcba8dfbf6350ad70261000f57fd52e474292dbc84c5e2c964d2100598927b836fce2dceb46df88d
  languageName: node
  linkType: hard

"lodash@npm:^4.17.21":
  version: 4.17.21
  resolution: "lodash@npm:4.17.21"
  checksum: 10c0/d8cbea072bb08655bb4c989da418994b073a608dffa608b09ac04b43a791b12aeae7cd7ad919aa4c925f33b48490b5cfe6c1f71d827956071dae2e7bb3a6b74c
  languageName: node
  linkType: hard

"lowercase-keys@npm:^3.0.0":
  version: 3.0.0
  resolution: "lowercase-keys@npm:3.0.0"
  checksum: 10c0/ef62b9fa5690ab0a6e4ef40c94efce68e3ed124f583cc3be38b26ff871da0178a28b9a84ce0c209653bb25ca135520ab87fea7cd411a54ac4899cb2f30501430
  languageName: node
  linkType: hard

"mimic-response@npm:^3.1.0":
  version: 3.1.0
  resolution: "mimic-response@npm:3.1.0"
  checksum: 10c0/0d6f07ce6e03e9e4445bee655202153bdb8a98d67ee8dc965ac140900d7a2688343e6b4c9a72cfc9ef2f7944dfd76eef4ab2482eb7b293a68b84916bac735362
  languageName: node
  linkType: hard

"mimic-response@npm:^4.0.0":
  version: 4.0.0
  resolution: "mimic-response@npm:4.0.0"
  checksum: 10c0/761d788d2668ae9292c489605ffd4fad220f442fbae6832adce5ebad086d691e906a6d5240c290293c7a11e99fbdbbef04abbbed498bf8699a4ee0f31315e3fb
  languageName: node
  linkType: hard

"minimist@npm:^1.2.6":
  version: 1.2.8
  resolution: "minimist@npm:1.2.8"
  checksum: 10c0/19d3fcdca050087b84c2029841a093691a91259a47def2f18222f41e7645a0b7c44ef4b40e88a1e58a40c84d2ef0ee6047c55594d298146d0eb3f6b737c20ce6
  languageName: node
  linkType: hard

"normalize-url@npm:^8.0.0":
  version: 8.0.0
  resolution: "normalize-url@npm:8.0.0"
  checksum: 10c0/09582d56acd562d89849d9239852c2aff225c72be726556d6883ff36de50006803d32a023c10e917bcc1c55f73f3bb16434f67992fe9b61906a3db882192753c
  languageName: node
  linkType: hard

"on-exit-leak-free@npm:^2.1.0":
  version: 2.1.2
  resolution: "on-exit-leak-free@npm:2.1.2"
  checksum: 10c0/faea2e1c9d696ecee919026c32be8d6a633a7ac1240b3b87e944a380e8a11dc9c95c4a1f8fb0568de7ab8db3823e790f12bda45296b1d111e341aad3922a0570
  languageName: node
  linkType: hard

"once@npm:^1.3.1, once@npm:^1.4.0":
  version: 1.4.0
  resolution: "once@npm:1.4.0"
  dependencies:
    wrappy: "npm:1"
  checksum: 10c0/5d48aca287dfefabd756621c5dfce5c91a549a93e9fdb7b8246bc4c4790aa2ec17b34a260530474635147aeb631a2dcc8b32c613df0675f96041cbb8244517d0
  languageName: node
  linkType: hard

"p-cancelable@npm:^4.0.1":
  version: 4.0.1
  resolution: "p-cancelable@npm:4.0.1"
  checksum: 10c0/12636623f46784ba962b6fe7a1f34d021f1d9a2cc12c43e270baa715ea872d5c8c7d9f086ed420b8b9817e91d9bbe92c14c90e5dddd4a9968c81a2a7aef7089d
  languageName: node
  linkType: hard

"pino-abstract-transport@npm:^1.0.0, pino-abstract-transport@npm:^1.2.0":
  version: 1.2.0
  resolution: "pino-abstract-transport@npm:1.2.0"
  dependencies:
    readable-stream: "npm:^4.0.0"
    split2: "npm:^4.0.0"
  checksum: 10c0/b4ab59529b7a91f488440147fc58ee0827a6c1c5ca3627292339354b1381072c1a6bfa9b46d03ad27872589e8477ecf74da12cf286e1e6b665ac64a3b806bf07
  languageName: node
  linkType: hard

"pino-pretty@npm:^11.0.0":
  version: 11.0.0
  resolution: "pino-pretty@npm:11.0.0"
  dependencies:
    colorette: "npm:^2.0.7"
    dateformat: "npm:^4.6.3"
    fast-copy: "npm:^3.0.0"
    fast-safe-stringify: "npm:^2.1.1"
    help-me: "npm:^5.0.0"
    joycon: "npm:^3.1.1"
    minimist: "npm:^1.2.6"
    on-exit-leak-free: "npm:^2.1.0"
    pino-abstract-transport: "npm:^1.0.0"
    pump: "npm:^3.0.0"
    readable-stream: "npm:^4.0.0"
    secure-json-parse: "npm:^2.4.0"
    sonic-boom: "npm:^3.0.0"
    strip-json-comments: "npm:^3.1.1"
  bin:
    pino-pretty: bin.js
  checksum: 10c0/d42213f3fdf19d92152b0a14683b2bb8443423739c81ab7c1181a5dac0e0ca7621d232c8264ece81edc01106ca2a8e165783daca0a902f0fde480027075d5540
  languageName: node
  linkType: hard

"pino-std-serializers@npm:^6.0.0":
  version: 6.2.2
  resolution: "pino-std-serializers@npm:6.2.2"
  checksum: 10c0/8f1c7f0f0d8f91e6c6b5b2a6bfb48f06441abeb85f1c2288319f736f9c6d814fbeebe928d2314efc2ba6018fa7db9357a105eca9fc99fc1f28945a8a8b28d3d5
  languageName: node
  linkType: hard

"pino@npm:^9.0.0":
  version: 9.0.0
  resolution: "pino@npm:9.0.0"
  dependencies:
    atomic-sleep: "npm:^1.0.0"
    fast-redact: "npm:^3.1.1"
    on-exit-leak-free: "npm:^2.1.0"
    pino-abstract-transport: "npm:^1.2.0"
    pino-std-serializers: "npm:^6.0.0"
    process-warning: "npm:^3.0.0"
    quick-format-unescaped: "npm:^4.0.3"
    real-require: "npm:^0.2.0"
    safe-stable-stringify: "npm:^2.3.1"
    sonic-boom: "npm:^3.7.0"
    thread-stream: "npm:^2.6.0"
  bin:
    pino: bin.js
  checksum: 10c0/10ef10aee0cf80af8ed83468cff2e29d642b6794b53cf641e1abcaf9e9958d8bcbc6e09d62757054aef3b4415c45d66a5018da11d43b81a23ba299ef5dc4e8b1
  languageName: node
  linkType: hard

"precond@npm:0.2":
  version: 0.2.3
  resolution: "precond@npm:0.2.3"
  checksum: 10c0/289b71202c090286fab340acafc96bc1d719e6f2d2484a868ef5dff28efd5953bafda78aebe4416ebf907992aa88942e68cd53ed7e2ab9eaf0709a6b5ac72340
  languageName: node
  linkType: hard

"process-warning@npm:^2.1.0, process-warning@npm:^2.2.0":
  version: 2.2.0
  resolution: "process-warning@npm:2.2.0"
  checksum: 10c0/22b252ca6c1edf7fe3c6ab30c39f9a2fa240dc5af46fd0f94c4dcbc577e7570dcccfc1cbfb4510db4759906b9170cb8b18c519d581cdf2ea649e5ac6bb9a0e60
  languageName: node
  linkType: hard

"process-warning@npm:^3.0.0":
  version: 3.0.0
  resolution: "process-warning@npm:3.0.0"
  checksum: 10c0/60f3c8ddee586f0706c1e6cb5aa9c86df05774b9330d792d7c8851cf0031afd759d665404d07037e0b4901b55c44a423f07bdc465c63de07d8d23196bb403622
  languageName: node
  linkType: hard

"process@npm:^0.11.10":
  version: 0.11.10
  resolution: "process@npm:0.11.10"
  checksum: 10c0/40c3ce4b7e6d4b8c3355479df77aeed46f81b279818ccdc500124e6a5ab882c0cc81ff7ea16384873a95a74c4570b01b120f287abbdd4c877931460eca6084b3
  languageName: node
  linkType: hard

"psl@npm:^1.1.33":
  version: 1.9.0
  resolution: "psl@npm:1.9.0"
  checksum: 10c0/6a3f805fdab9442f44de4ba23880c4eba26b20c8e8e0830eff1cb31007f6825dace61d17203c58bfe36946842140c97a1ba7f67bc63ca2d88a7ee052b65d97ab
  languageName: node
  linkType: hard

"pump@npm:^3.0.0":
  version: 3.0.0
  resolution: "pump@npm:3.0.0"
  dependencies:
    end-of-stream: "npm:^1.1.0"
    once: "npm:^1.3.1"
  checksum: 10c0/bbdeda4f747cdf47db97428f3a135728669e56a0ae5f354a9ac5b74556556f5446a46f720a8f14ca2ece5be9b4d5d23c346db02b555f46739934cc6c093a5478
  languageName: node
  linkType: hard

"punycode@npm:^2.1.1":
  version: 2.3.0
  resolution: "punycode@npm:2.3.0"
  checksum: 10c0/8e6f7abdd3a6635820049e3731c623bbef3fedbf63bbc696b0d7237fdba4cefa069bc1fa62f2938b0fbae057550df7b5318f4a6bcece27f1907fc75c54160bee
  languageName: node
  linkType: hard

"querystringify@npm:^2.1.1":
  version: 2.2.0
  resolution: "querystringify@npm:2.2.0"
  checksum: 10c0/3258bc3dbdf322ff2663619afe5947c7926a6ef5fb78ad7d384602974c467fadfc8272af44f5eb8cddd0d011aae8fabf3a929a8eee4b86edcc0a21e6bd10f9aa
  languageName: node
  linkType: hard

"quick-format-unescaped@npm:^4.0.3":
  version: 4.0.4
  resolution: "quick-format-unescaped@npm:4.0.4"
  checksum: 10c0/fe5acc6f775b172ca5b4373df26f7e4fd347975578199e7d74b2ae4077f0af05baa27d231de1e80e8f72d88275ccc6028568a7a8c9ee5e7368ace0e18eff93a4
  languageName: node
  linkType: hard

"quick-lru@npm:^5.1.1":
  version: 5.1.1
  resolution: "quick-lru@npm:5.1.1"
  checksum: 10c0/a24cba5da8cec30d70d2484be37622580f64765fb6390a928b17f60cd69e8dbd32a954b3ff9176fa1b86d86ff2ba05252fae55dc4d40d0291c60412b0ad096da
  languageName: node
  linkType: hard

"readable-stream@npm:^4.0.0":
  version: 4.5.2
  resolution: "readable-stream@npm:4.5.2"
  dependencies:
    abort-controller: "npm:^3.0.0"
    buffer: "npm:^6.0.3"
    events: "npm:^3.3.0"
    process: "npm:^0.11.10"
    string_decoder: "npm:^1.3.0"
  checksum: 10c0/a2c80e0e53aabd91d7df0330929e32d0a73219f9477dbbb18472f6fdd6a11a699fc5d172a1beff98d50eae4f1496c950ffa85b7cc2c4c196963f289a5f39275d
  languageName: node
  linkType: hard

"real-require@npm:^0.2.0":
  version: 0.2.0
  resolution: "real-require@npm:0.2.0"
  checksum: 10c0/23eea5623642f0477412ef8b91acd3969015a1501ed34992ada0e3af521d3c865bb2fe4cdbfec5fe4b505f6d1ef6a03e5c3652520837a8c3b53decff7e74b6a0
  languageName: node
  linkType: hard

"requires-port@npm:^1.0.0":
  version: 1.0.0
  resolution: "requires-port@npm:1.0.0"
  checksum: 10c0/b2bfdd09db16c082c4326e573a82c0771daaf7b53b9ce8ad60ea46aa6e30aaf475fe9b164800b89f93b748d2c234d8abff945d2551ba47bf5698e04cd7713267
  languageName: node
  linkType: hard

"resolve-alpn@npm:^1.2.0":
  version: 1.2.1
  resolution: "resolve-alpn@npm:1.2.1"
  checksum: 10c0/b70b29c1843bc39781ef946c8cd4482e6d425976599c0f9c138cec8209e4e0736161bf39319b01676a847000085dfdaf63583c6fb4427bf751a10635bd2aa0c4
  languageName: node
  linkType: hard

"responselike@npm:^3.0.0":
  version: 3.0.0
  resolution: "responselike@npm:3.0.0"
  dependencies:
    lowercase-keys: "npm:^3.0.0"
  checksum: 10c0/8af27153f7e47aa2c07a5f2d538cb1e5872995f0e9ff77def858ecce5c3fe677d42b824a62cde502e56d275ab832b0a8bd350d5cd6b467ac0425214ac12ae658
  languageName: node
  linkType: hard

"safe-buffer@npm:~5.2.0":
  version: 5.2.1
  resolution: "safe-buffer@npm:5.2.1"
  checksum: 10c0/6501914237c0a86e9675d4e51d89ca3c21ffd6a31642efeba25ad65720bce6921c9e7e974e5be91a786b25aa058b5303285d3c15dbabf983a919f5f630d349f3
  languageName: node
  linkType: hard

"safe-stable-stringify@npm:^2.3.1":
  version: 2.4.3
  resolution: "safe-stable-stringify@npm:2.4.3"
  checksum: 10c0/81dede06b8f2ae794efd868b1e281e3c9000e57b39801c6c162267eb9efda17bd7a9eafa7379e1f1cacd528d4ced7c80d7460ad26f62ada7c9e01dec61b2e768
  languageName: node
  linkType: hard

"secure-json-parse@npm:^2.4.0":
  version: 2.7.0
  resolution: "secure-json-parse@npm:2.7.0"
  checksum: 10c0/f57eb6a44a38a3eeaf3548228585d769d788f59007454214fab9ed7f01fbf2e0f1929111da6db28cf0bcc1a2e89db5219a59e83eeaec3a54e413a0197ce879e4
  languageName: node
  linkType: hard

"sonic-boom@npm:^3.0.0, sonic-boom@npm:^3.7.0":
  version: 3.8.1
  resolution: "sonic-boom@npm:3.8.1"
  dependencies:
    atomic-sleep: "npm:^1.0.0"
  checksum: 10c0/9bf338f86147db50e116484f74f2e29a321a12733e0cefab3087c80dd32bf4df3d7407dbcafc13bc39ac269d9dd61dd6ef952354b9503392d4e1e7414f8e360e
  languageName: node
  linkType: hard

"split2@npm:^4.0.0":
  version: 4.2.0
  resolution: "split2@npm:4.2.0"
  checksum: 10c0/b292beb8ce9215f8c642bb68be6249c5a4c7f332fc8ecadae7be5cbdf1ea95addc95f0459ef2e7ad9d45fd1064698a097e4eb211c83e772b49bc0ee423e91534
  languageName: node
  linkType: hard

"string_decoder@npm:^1.3.0":
  version: 1.3.0
  resolution: "string_decoder@npm:1.3.0"
  dependencies:
    safe-buffer: "npm:~5.2.0"
  checksum: 10c0/810614ddb030e271cd591935dcd5956b2410dd079d64ff92a1844d6b7588bf992b3e1b69b0f4d34a3e06e0bd73046ac646b5264c1987b20d0601f81ef35d731d
  languageName: node
  linkType: hard

"strip-json-comments@npm:^3.1.1":
  version: 3.1.1
  resolution: "strip-json-comments@npm:3.1.1"
  checksum: 10c0/9681a6257b925a7fa0f285851c0e613cc934a50661fa7bb41ca9cbbff89686bb4a0ee366e6ecedc4daafd01e83eee0720111ab294366fe7c185e935475ebcecd
  languageName: node
  linkType: hard

"thread-stream@npm:^2.6.0":
  version: 2.7.0
  resolution: "thread-stream@npm:2.7.0"
  dependencies:
    real-require: "npm:^0.2.0"
  checksum: 10c0/d45f0cd1d7cea3986594d9c46ecc89c6912d1b44de80dfb718de4422658f4bc996b1cc8e3461bce2d3410899762a72c44daf48f7a943b6c6801a7b348d1c3b7c
  languageName: node
  linkType: hard

"tough-cookie@npm:^4.1.4":
  version: 4.1.4
  resolution: "tough-cookie@npm:4.1.4"
  dependencies:
    psl: "npm:^1.1.33"
    punycode: "npm:^2.1.1"
    universalify: "npm:^0.2.0"
    url-parse: "npm:^1.5.3"
  checksum: 10c0/aca7ff96054f367d53d1e813e62ceb7dd2eda25d7752058a74d64b7266fd07be75908f3753a32ccf866a2f997604b414cfb1916d6e7f69bc64d9d9939b0d6c45
  languageName: node
  linkType: hard

"tslib@npm:^2.4.0":
  version: 2.6.2
  resolution: "tslib@npm:2.6.2"
  checksum: 10c0/e03a8a4271152c8b26604ed45535954c0a45296e32445b4b87f8a5abdb2421f40b59b4ca437c4346af0f28179780d604094eb64546bee2019d903d01c6c19bdb
  languageName: node
  linkType: hard

"universalify@npm:^0.2.0":
  version: 0.2.0
  resolution: "universalify@npm:0.2.0"
  checksum: 10c0/cedbe4d4ca3967edf24c0800cfc161c5a15e240dac28e3ce575c689abc11f2c81ccc6532c8752af3b40f9120fb5e454abecd359e164f4f6aa44c29cd37e194fe
  languageName: node
  linkType: hard

"url-parse@npm:^1.5.3":
  version: 1.5.10
  resolution: "url-parse@npm:1.5.10"
  dependencies:
    querystringify: "npm:^2.1.1"
    requires-port: "npm:^1.0.0"
  checksum: 10c0/bd5aa9389f896974beb851c112f63b466505a04b4807cea2e5a3b7092f6fbb75316f0491ea84e44f66fed55f1b440df5195d7e3a8203f64fcefa19d182f5be87
  languageName: node
  linkType: hard

"vasync@npm:^2.2.1":
  version: 2.2.1
  resolution: "vasync@npm:2.2.1"
  dependencies:
    verror: "npm:1.10.0"
  checksum: 10c0/2287b24dc12a982230fd41950979c0ee38f5df4802f9db6332b4af85b21eed12195706cdfbeb527480379783f5d11fe26a0b6a6ed114ee9fc102822a4c96e143
  languageName: node
  linkType: hard

"verror@npm:1.10.0":
  version: 1.10.0
  resolution: "verror@npm:1.10.0"
  dependencies:
    assert-plus: "npm:^1.0.0"
    core-util-is: "npm:1.0.2"
    extsprintf: "npm:^1.2.0"
  checksum: 10c0/37ccdf8542b5863c525128908ac80f2b476eed36a32cb944de930ca1e2e78584cc435c4b9b4c68d0fc13a47b45ff364b4be43aa74f8804f9050140f660fb660d
  languageName: node
  linkType: hard

"verror@npm:^1.10.1":
  version: 1.10.1
  resolution: "verror@npm:1.10.1"
  dependencies:
    assert-plus: "npm:^1.0.0"
    core-util-is: "npm:1.0.2"
    extsprintf: "npm:^1.2.0"
  checksum: 10c0/293fb060a4c9b07965569a0c3e45efa954127818707995a8a4311f691b5d6687be99f972c759838ba6eecae717f9af28e3c49d2afc7bbdf5f0b675238f1426e8
  languageName: node
  linkType: hard

"wrappy@npm:1":
  version: 1.0.2
  resolution: "wrappy@npm:1.0.2"
  checksum: 10c0/56fece1a4018c6a6c8e28fbc88c87e0fbf4ea8fd64fc6c63b18f4acc4bd13e0ad2515189786dd2c30d3eec9663d70f4ecf699330002f8ccb547e4a18231fc9f0
  languageName: node
  linkType: hard

"yaml-env-defaults@npm:^2.0.5":
  version: 2.0.5
  resolution: "yaml-env-defaults@npm:2.0.5"
  dependencies:
    js-yaml: "npm:^4.1.0"
    lodash: "npm:^4.17.21"
  checksum: 10c0/240d9f99baa0c43caad185d0b9b3d3acfe7cb942ffbaf466686e311f07d2b36756f2bbead286482a9a015912f267bc0afd5ef9d8ffad4752dc9a9f8f4416c56b
  languageName: node
  linkType: hard
