{
    "_readme": [
        "This file locks the dependencies of your project to a known state",
        "Read more about it at https://getcomposer.org/doc/01-basic-usage.md#composer-lock-the-lock-file",
        "This file is @generated automatically"
    ],
    "hash": "16dc69f7aec1558a81b752c11ff341cb",
    "content-hash": "a082bf0309b6305827e15e1bf4a3ccb3",
    "packages": [
        {
            "name": "milux/spdo",
            "version": "1.0.2",
            "source": {
                "type": "git",
                "url": "https://github.com/milux/spdo.git",
                "reference": "134e91d88ef781ec86168adeef8362e50a2d011b"
            },
            "dist": {
                "type": "zip",
                "url": "https://api.github.com/repos/milux/spdo/zipball/134e91d88ef781ec86168adeef8362e50a2d011b",
                "reference": "134e91d88ef781ec86168adeef8362e50a2d011b",
                "shasum": ""
            },
            "require": {
                "php": ">=5.3.0"
            },
            "type": "library",
            "autoload": {
                "psr-4": {
                    "milux\\": "src/milux"
                }
            },
            "notification-url": "https://packagist.org/downloads/",
            "license": [
                "GPLv3"
            ],
            "authors": [
                {
                    "name": "Michael Lux",
                    "email": "michi.lux@gmail.com",
                    "role": "Developer"
                }
            ],
            "description": "A static, simple PDO wrapper for easy database operations",
            "homepage": "https://github.com/milux/spdo",
            "keywords": [
                "database",
                "pdo",
                "sql"
            ],
            "time": "2017-09-06 17:18:14"
        }
    ],
    "packages-dev": [],
    "aliases": [],
    "minimum-stability": "stable",
    "stability-flags": [],
    "prefer-stable": false,
    "prefer-lowest": false,
    "platform": [],
    "platform-dev": []
}
